
Microsoft Visual Studio Solution File, Format Version 11.00
# Visual Studio 2010
Project("{FAE04EC0-301F-11D3-BF4B-00C04F79EFBC}") = "Assembly-CSharp", "Assembly-CSharp.csproj", "{66d7995d-d185-a330-d190-e704e1547d4f}"
EndProject
Project("{FAE04EC0-301F-11D3-BF4B-00C04F79EFBC}") = "Assembly-CSharp-Editor", "Assembly-CSharp-Editor.csproj", "{7201a696-dd69-d39d-3056-1374818ad523}"
EndProject
Global
	GlobalSection(SolutionConfigurationPlatforms) = preSolution
		Debug|Any CPU = Debug|Any CPU
	EndGlobalSection
	GlobalSection(ProjectConfigurationPlatforms) = postSolution
		{66d7995d-d185-a330-d190-e704e1547d4f}.Debug|Any CPU.ActiveCfg = Debug|Any CPU
		{66d7995d-d185-a330-d190-e704e1547d4f}.Debug|Any CPU.Build.0 = Debug|Any CPU
		{7201a696-dd69-d39d-3056-1374818ad523}.Debug|Any CPU.ActiveCfg = Debug|Any CPU
		{7201a696-dd69-d39d-3056-1374818ad523}.Debug|Any CPU.Build.0 = Debug|Any CPU
	EndGlobalSection
	GlobalSection(SolutionProperties) = preSolution
		HideSolutionNode = FALSE
	EndGlobalSection
EndGlobal
